{
  "name": "drone-server",
  "requires": true,
  "lockfileVersion": 1,
  "dependencies": {
    "asap": {
      "version": "2.0.6",
      "resolved": "https://registry.npmjs.org/asap/-/asap-2.0.6.tgz",
      "integrity": "sha1-5QNHYR1+aQlDIIu9r+vLwvuGbUY="
    },
    "babel-runtime": {
      "version": "https://registry.npmjs.org/babel-runtime/-/babel-runtime-6.26.0.tgz",
      "integrity": "sha1-llxwWGaOgrVde/4E/yM3vItWR/4=",
      "requires": {
        "core-js": "https://registry.npmjs.org/core-js/-/core-js-2.5.1.tgz",
        "regenerator-runtime": "https://registry.npmjs.org/regenerator-runtime/-/regenerator-runtime-0.11.0.tgz"
      }
    },
    "balanced-match": {
      "version": "1.0.0",
      "resolved": "https://registry.npmjs.org/balanced-match/-/balanced-match-1.0.0.tgz",
      "integrity": "sha1-ibTRmasr7kneFk6gK4nORi1xt2c="
    },
    "bl": {
      "version": "1.2.1",
      "resolved": "https://registry.npmjs.org/bl/-/bl-1.2.1.tgz",
      "integrity": "sha1-ysMo977kVzDUBLaSID/LWQ4XLV4=",
      "requires": {
        "readable-stream": "2.3.3"
      }
    },
    "brace-expansion": {
      "version": "1.1.8",
      "resolved": "https://registry.npmjs.org/brace-expansion/-/brace-expansion-1.1.8.tgz",
      "integrity": "sha1-wHshHHyVLsH479Uad+8NHTmQopI=",
      "requires": {
        "balanced-match": "1.0.0",
        "concat-map": "0.0.1"
      }
    },
    "callback-stream": {
      "version": "1.1.0",
      "resolved": "https://registry.npmjs.org/callback-stream/-/callback-stream-1.1.0.tgz",
      "integrity": "sha1-RwGlEmbwbgbqpx/BcjOCLYdfSQg=",
      "requires": {
        "inherits": "2.0.3",
        "readable-stream": "2.3.3"
      }
    },
    "commist": {
      "version": "1.0.0",
      "resolved": "https://registry.npmjs.org/commist/-/commist-1.0.0.tgz",
      "integrity": "sha1-wMNSUBz29S6RJOPvicmAbiAi6+8=",
      "requires": {
        "leven": "1.0.2",
        "minimist": "1.2.0"
      }
    },
    "concat-map": {
      "version": "0.0.1",
      "resolved": "https://registry.npmjs.org/concat-map/-/concat-map-0.0.1.tgz",
      "integrity": "sha1-2Klr13/Wjfd5OnMDajug1UBdR3s="
    },
    "concat-stream": {
      "version": "1.6.0",
      "resolved": "https://registry.npmjs.org/concat-stream/-/concat-stream-1.6.0.tgz",
      "integrity": "sha1-CqxmL9Ur54lk1VMvaUeE5wEQrPc=",
      "requires": {
        "inherits": "2.0.3",
        "readable-stream": "2.3.3",
        "typedarray": "0.0.6"
      }
    },
    "core-js": {
      "version": "https://registry.npmjs.org/core-js/-/core-js-2.5.1.tgz",
      "integrity": "sha1-rmh03GaTd4m4B1T/VCjfZoGcpQs="
    },
    "core-util-is": {
      "version": "1.0.2",
      "resolved": "https://registry.npmjs.org/core-util-is/-/core-util-is-1.0.2.tgz",
      "integrity": "sha1-tf1UIgqivFq1eqtxQMlAdUUDwac="
    },
    "create-react-class": {
      "version": "15.6.0",
      "resolved": "https://registry.npmjs.org/create-react-class/-/create-react-class-15.6.0.tgz",
      "integrity": "sha1-q0SEl8JlZuHilBPogyB9V8/nvtQ=",
      "requires": {
        "fbjs": "0.8.14",
        "loose-envify": "1.3.1",
        "object-assign": "4.1.1"
      }
    },
    "duplexify": {
      "version": "3.5.1",
      "resolved": "https://registry.npmjs.org/duplexify/-/duplexify-3.5.1.tgz",
      "integrity": "sha512-j5goxHTwVED1Fpe5hh3q9R93Kip0Bg2KVAt4f8CEYM3UEwYcPSvWbXaUQOzdX/HtiNomipv+gU7ASQPDbV7pGQ==",
      "requires": {
        "end-of-stream": "1.4.0",
        "inherits": "2.0.3",
        "readable-stream": "2.3.3",
        "stream-shift": "1.0.0"
      }
    },
    "encoding": {
      "version": "0.1.12",
      "resolved": "https://registry.npmjs.org/encoding/-/encoding-0.1.12.tgz",
      "integrity": "sha1-U4tm8+5izRq1HsMjgp0flIDHS+s=",
      "requires": {
        "iconv-lite": "0.4.18"
      }
    },
    "end-of-stream": {
      "version": "1.4.0",
      "resolved": "https://registry.npmjs.org/end-of-stream/-/end-of-stream-1.4.0.tgz",
      "integrity": "sha1-epDYM+/abPpurA9JSduw+tOmMgY=",
      "requires": {
        "once": "1.4.0"
      }
    },
    "extend": {
      "version": "3.0.1",
      "resolved": "https://registry.npmjs.org/extend/-/extend-3.0.1.tgz",
      "integrity": "sha1-p1Xqe8Gt/MWjHOfnYtuq3F5jZEQ="
    },
    "extend-shallow": {
      "version": "2.0.1",
      "resolved": "https://registry.npmjs.org/extend-shallow/-/extend-shallow-2.0.1.tgz",
      "integrity": "sha1-Ua99YUrZqfYQ6huvu5idaxxWiQ8=",
      "requires": {
        "is-extendable": "0.1.1"
      }
    },
    "fbjs": {
      "version": "0.8.14",
      "resolved": "https://registry.npmjs.org/fbjs/-/fbjs-0.8.14.tgz",
      "integrity": "sha1-0dviviVMNakeCfMfnNUKQLKg7Rw=",
      "requires": {
        "core-js": "1.2.7",
        "isomorphic-fetch": "2.2.1",
        "loose-envify": "1.3.1",
        "object-assign": "4.1.1",
        "promise": "7.3.1",
        "setimmediate": "1.0.5",
        "ua-parser-js": "0.7.14"
      },
      "dependencies": {
        "core-js": {
          "version": "1.2.7",
          "resolved": "https://registry.npmjs.org/core-js/-/core-js-1.2.7.tgz",
          "integrity": "sha1-ZSKUwUZR2yj6k70tX/KYOk8IxjY="
        }
      }
    },
    "fs.realpath": {
      "version": "1.0.0",
      "resolved": "https://registry.npmjs.org/fs.realpath/-/fs.realpath-1.0.0.tgz",
      "integrity": "sha1-FQStJSMVjKpA20onh8sBQRmU6k8="
    },
    "glob": {
      "version": "7.1.2",
      "resolved": "https://registry.npmjs.org/glob/-/glob-7.1.2.tgz",
      "integrity": "sha512-MJTUg1kjuLeQCJ+ccE4Vpa6kKVXkPYJ2mOCQyUuKLcLQsdrMCpBPUi8qVE6+YuaJkozeA9NusTAw3hLr8Xe5EQ==",
      "requires": {
        "fs.realpath": "1.0.0",
        "inflight": "1.0.6",
        "inherits": "2.0.3",
        "minimatch": "3.0.4",
        "once": "1.4.0",
        "path-is-absolute": "1.0.1"
      }
    },
    "glob-parent": {
      "version": "3.1.0",
      "resolved": "https://registry.npmjs.org/glob-parent/-/glob-parent-3.1.0.tgz",
      "integrity": "sha1-nmr2KZ2NO9K9QEMIMr0RPfkGxa4=",
      "requires": {
        "is-glob": "3.1.0",
        "path-dirname": "1.0.2"
      }
    },
    "glob-stream": {
      "version": "6.1.0",
      "resolved": "https://registry.npmjs.org/glob-stream/-/glob-stream-6.1.0.tgz",
      "integrity": "sha1-cEXJlBOz65SIjYOrRtC0BMx73eQ=",
      "requires": {
        "extend": "3.0.1",
        "glob": "7.1.2",
        "glob-parent": "3.1.0",
        "is-negated-glob": "1.0.0",
        "ordered-read-streams": "1.0.1",
        "pumpify": "1.3.5",
        "readable-stream": "2.3.3",
        "remove-trailing-separator": "1.1.0",
        "to-absolute-glob": "2.0.1",
        "unique-stream": "2.2.1"
      }
    },
    "help-me": {
      "version": "1.1.0",
      "resolved": "https://registry.npmjs.org/help-me/-/help-me-1.1.0.tgz",
      "integrity": "sha1-jy1QjQYAtKRW2i8IZVbn5cBWo8Y=",
      "requires": {
        "callback-stream": "1.1.0",
        "glob-stream": "6.1.0",
        "through2": "2.0.3",
        "xtend": "4.0.1"
      }
    },
    "iconv-lite": {
      "version": "0.4.18",
      "resolved": "https://registry.npmjs.org/iconv-lite/-/iconv-lite-0.4.18.tgz",
      "integrity": "sha512-sr1ZQph3UwHTR0XftSbK85OvBbxe/abLGzEnPENCQwmHf7sck8Oyu4ob3LgBxWWxRoM+QszeUyl7jbqapu2TqA=="
    },
    "inflight": {
      "version": "1.0.6",
      "resolved": "https://registry.npmjs.org/inflight/-/inflight-1.0.6.tgz",
      "integrity": "sha1-Sb1jMdfQLQwJvJEKEHW6gWW1bfk=",
      "requires": {
        "once": "1.4.0",
        "wrappy": "1.0.2"
      }
    },
    "inherits": {
      "version": "2.0.3",
      "resolved": "https://registry.npmjs.org/inherits/-/inherits-2.0.3.tgz",
      "integrity": "sha1-Yzwsg+PaQqUC9SRmAiSA9CCCYd4="
    },
    "is-absolute": {
      "version": "0.2.6",
      "resolved": "https://registry.npmjs.org/is-absolute/-/is-absolute-0.2.6.tgz",
      "integrity": "sha1-IN5p89uULvLYe5wto28XIjWxtes=",
      "requires": {
        "is-relative": "0.2.1",
        "is-windows": "0.2.0"
      }
    },
    "is-extendable": {
      "version": "0.1.1",
      "resolved": "https://registry.npmjs.org/is-extendable/-/is-extendable-0.1.1.tgz",
      "integrity": "sha1-YrEQ4omkcUGOPsNqYX1HLjAd/Ik="
    },
    "is-extglob": {
      "version": "2.1.1",
      "resolved": "https://registry.npmjs.org/is-extglob/-/is-extglob-2.1.1.tgz",
      "integrity": "sha1-qIwCU1eR8C7TfHahueqXc8gz+MI="
    },
    "is-glob": {
      "version": "3.1.0",
      "resolved": "https://registry.npmjs.org/is-glob/-/is-glob-3.1.0.tgz",
      "integrity": "sha1-e6WuJCF4BKxwcHuWkiVnSGzD6Eo=",
      "requires": {
        "is-extglob": "2.1.1"
      }
    },
    "is-negated-glob": {
      "version": "1.0.0",
      "resolved": "https://registry.npmjs.org/is-negated-glob/-/is-negated-glob-1.0.0.tgz",
      "integrity": "sha1-aRC8pdqMleeEtXUbl2z1oQ/uNtI="
    },
    "is-relative": {
      "version": "0.2.1",
      "resolved": "https://registry.npmjs.org/is-relative/-/is-relative-0.2.1.tgz",
      "integrity": "sha1-0n9MfVFtF1+2ENuEu+7yPDvJeqU=",
      "requires": {
        "is-unc-path": "0.1.2"
      }
    },
    "is-stream": {
      "version": "1.1.0",
      "resolved": "https://registry.npmjs.org/is-stream/-/is-stream-1.1.0.tgz",
      "integrity": "sha1-EtSj3U5o4Lec6428hBc66A2RykQ="
    },
    "is-unc-path": {
      "version": "0.1.2",
      "resolved": "https://registry.npmjs.org/is-unc-path/-/is-unc-path-0.1.2.tgz",
      "integrity": "sha1-arBTpyVzwQJQ/0FqOBTDUXivObk=",
      "requires": {
        "unc-path-regex": "0.1.2"
      }
    },
    "is-windows": {
      "version": "0.2.0",
      "resolved": "https://registry.npmjs.org/is-windows/-/is-windows-0.2.0.tgz",
      "integrity": "sha1-3hqm1j6indJIc3tp8f+LgALSEIw="
    },
    "isarray": {
      "version": "1.0.0",
      "resolved": "https://registry.npmjs.org/isarray/-/isarray-1.0.0.tgz",
      "integrity": "sha1-u5NdSFgsuhaMBoNJV6VKPgcSTxE="
    },
    "isomorphic-fetch": {
      "version": "2.2.1",
      "resolved": "https://registry.npmjs.org/isomorphic-fetch/-/isomorphic-fetch-2.2.1.tgz",
      "integrity": "sha1-YRrhrPFPXoH3KVB0coGf6XM1WKk=",
      "requires": {
        "node-fetch": "1.7.2",
        "whatwg-fetch": "2.0.3"
      }
    },
    "js-tokens": {
      "version": "3.0.2",
      "resolved": "https://registry.npmjs.org/js-tokens/-/js-tokens-3.0.2.tgz",
      "integrity": "sha1-mGbfOVECEw449/mWvOtlRDIJwls="
    },
    "json-stable-stringify": {
      "version": "1.0.1",
      "resolved": "https://registry.npmjs.org/json-stable-stringify/-/json-stable-stringify-1.0.1.tgz",
      "integrity": "sha1-mnWdOcXy/1A/1TAGRu1EX4jE+a8=",
      "requires": {
        "jsonify": "0.0.0"
      }
    },
    "jsonify": {
      "version": "0.0.0",
      "resolved": "https://registry.npmjs.org/jsonify/-/jsonify-0.0.0.tgz",
      "integrity": "sha1-LHS27kHZPKUbe1qu6PUDYx0lKnM="
    },
    "leven": {
      "version": "1.0.2",
      "resolved": "https://registry.npmjs.org/leven/-/leven-1.0.2.tgz",
      "integrity": "sha1-kUS27ryl8dBoAWnxpncNzqYLdcM="
    },
    "loose-envify": {
      "version": "1.3.1",
      "resolved": "https://registry.npmjs.org/loose-envify/-/loose-envify-1.3.1.tgz",
      "integrity": "sha1-0aitM/qc4OcT1l/dCsi3SNR4yEg=",
      "requires": {
        "js-tokens": "3.0.2"
      }
    },
    "meteor-node-stubs": {
      "version": "https://registry.npmjs.org/meteor-node-stubs/-/meteor-node-stubs-0.2.11.tgz",
      "integrity": "sha1-cV5Owc6IgkiylgThbQkiVrDLfjQ=",
      "requires": {
        "assert": "https://registry.npmjs.org/assert/-/assert-1.4.1.tgz",
        "browserify-zlib": "https://registry.npmjs.org/browserify-zlib/-/browserify-zlib-0.1.4.tgz",
        "buffer": "https://registry.npmjs.org/buffer/-/buffer-4.9.1.tgz",
        "console-browserify": "https://registry.npmjs.org/console-browserify/-/console-browserify-1.1.0.tgz",
        "constants-browserify": "https://registry.npmjs.org/constants-browserify/-/constants-browserify-1.0.0.tgz",
        "crypto-browserify": "https://registry.npmjs.org/crypto-browserify/-/crypto-browserify-3.11.0.tgz",
        "domain-browser": "https://registry.npmjs.org/domain-browser/-/domain-browser-1.1.7.tgz",
        "events": "https://registry.npmjs.org/events/-/events-1.1.1.tgz",
        "http-browserify": "https://registry.npmjs.org/http-browserify/-/http-browserify-1.7.0.tgz",
        "https-browserify": "https://registry.npmjs.org/https-browserify/-/https-browserify-0.0.1.tgz",
        "os-browserify": "https://registry.npmjs.org/os-browserify/-/os-browserify-0.2.1.tgz",
        "path-browserify": "https://registry.npmjs.org/path-browserify/-/path-browserify-0.0.0.tgz",
        "process": "https://registry.npmjs.org/process/-/process-0.11.9.tgz",
        "punycode": "https://registry.npmjs.org/punycode/-/punycode-1.4.1.tgz",
        "querystring-es3": "https://registry.npmjs.org/querystring-es3/-/querystring-es3-0.2.1.tgz",
        "readable-stream": "git+https://github.com/meteor/readable-stream.git#2e9112d7d31a2af6e0682db0e18679b1e5fd4694",
        "stream-browserify": "https://registry.npmjs.org/stream-browserify/-/stream-browserify-2.0.1.tgz",
        "string_decoder": "https://registry.npmjs.org/string_decoder/-/string_decoder-1.0.1.tgz",
        "timers-browserify": "https://registry.npmjs.org/timers-browserify/-/timers-browserify-1.4.2.tgz",
        "tty-browserify": "https://registry.npmjs.org/tty-browserify/-/tty-browserify-0.0.0.tgz",
        "url": "https://registry.npmjs.org/url/-/url-0.11.0.tgz",
        "util": "https://registry.npmjs.org/util/-/util-0.10.3.tgz",
        "vm-browserify": "https://registry.npmjs.org/vm-browserify/-/vm-browserify-0.0.4.tgz"
      },
      "dependencies": {
        "asn1.js": {
          "version": "https://registry.npmjs.org/asn1.js/-/asn1.js-4.9.0.tgz",
          "integrity": "sha1-9xoSQ/PnnUbXsH1/v0gk7nOvBUo=",
          "requires": {
            "bn.js": "https://registry.npmjs.org/bn.js/-/bn.js-4.11.6.tgz",
            "inherits": "https://registry.npmjs.org/inherits/-/inherits-2.0.1.tgz",
            "minimalistic-assert": "https://registry.npmjs.org/minimalistic-assert/-/minimalistic-assert-1.0.0.tgz"
          }
        },
        "assert": {
          "version": "https://registry.npmjs.org/assert/-/assert-1.4.1.tgz",
          "integrity": "sha1-mZEtWRg2tab1s0XA8H7vwI/GXZE=",
          "requires": {
            "util": "https://registry.npmjs.org/util/-/util-0.10.3.tgz"
          }
        },
        "Base64": {
          "version": "https://registry.npmjs.org/Base64/-/Base64-0.2.1.tgz",
          "integrity": "sha1-ujpCMHCOGGcFBl5mur3Uw1z2ACg="
        },
        "base64-js": {
          "version": "https://registry.npmjs.org/base64-js/-/base64-js-1.2.0.tgz",
          "integrity": "sha1-o5mS1yNYSBGYK+XikLtqU9hnAPE="
        },
        "bn.js": {
          "version": "https://registry.npmjs.org/bn.js/-/bn.js-4.11.6.tgz",
          "integrity": "sha1-UzRK2xRhehP26N0s4okF0cC6MhU="
        },
        "brorand": {
          "version": "https://registry.npmjs.org/brorand/-/brorand-1.0.6.tgz",
          "integrity": "sha1-QChwa5FfkfezSaLgvzw3YDnSFuU="
        },
        "browserify-aes": {
          "version": "https://registry.npmjs.org/browserify-aes/-/browserify-aes-1.0.6.tgz",
          "integrity": "sha1-Xncl297x/Vkw1OurSFZ85FHEigo=",
          "requires": {
            "buffer-xor": "https://registry.npmjs.org/buffer-xor/-/buffer-xor-1.0.3.tgz",
            "cipher-base": "https://registry.npmjs.org/cipher-base/-/cipher-base-1.0.3.tgz",
            "create-hash": "https://registry.npmjs.org/create-hash/-/create-hash-1.1.2.tgz",
            "evp_bytestokey": "https://registry.npmjs.org/evp_bytestokey/-/evp_bytestokey-1.0.0.tgz",
            "inherits": "https://registry.npmjs.org/inherits/-/inherits-2.0.1.tgz"
          }
        },
        "browserify-cipher": {
          "version": "https://registry.npmjs.org/browserify-cipher/-/browserify-cipher-1.0.0.tgz",
          "integrity": "sha1-mYgkSHS/XtTijalWZtzWasj8Njo=",
          "requires": {
            "browserify-aes": "https://registry.npmjs.org/browserify-aes/-/browserify-aes-1.0.6.tgz",
            "browserify-des": "https://registry.npmjs.org/browserify-des/-/browserify-des-1.0.0.tgz",
            "evp_bytestokey": "https://registry.npmjs.org/evp_bytestokey/-/evp_bytestokey-1.0.0.tgz"
          }
        },
        "browserify-des": {
          "version": "https://registry.npmjs.org/browserify-des/-/browserify-des-1.0.0.tgz",
          "integrity": "sha1-2qJ3cXRwki7S/hhZQRihdUOXId0=",
          "requires": {
            "cipher-base": "https://registry.npmjs.org/cipher-base/-/cipher-base-1.0.3.tgz",
            "des.js": "https://registry.npmjs.org/des.js/-/des.js-1.0.0.tgz",
            "inherits": "https://registry.npmjs.org/inherits/-/inherits-2.0.1.tgz"
          }
        },
        "browserify-rsa": {
          "version": "https://registry.npmjs.org/browserify-rsa/-/browserify-rsa-4.0.1.tgz",
          "integrity": "sha1-IeCr+vbyApzy+vsTNWenAdQTVSQ=",
          "requires": {
            "bn.js": "https://registry.npmjs.org/bn.js/-/bn.js-4.11.6.tgz",
            "randombytes": "https://registry.npmjs.org/randombytes/-/randombytes-2.0.3.tgz"
          }
        },
        "browserify-sign": {
          "version": "https://registry.npmjs.org/browserify-sign/-/browserify-sign-4.0.0.tgz",
          "integrity": "sha1-EHc5EMPCBtVCCkaq2GlPgguFlo8=",
          "requires": {
            "bn.js": "https://registry.npmjs.org/bn.js/-/bn.js-4.11.6.tgz",
            "browserify-rsa": "https://registry.npmjs.org/browserify-rsa/-/browserify-rsa-4.0.1.tgz",
            "create-hash": "https://registry.npmjs.org/create-hash/-/create-hash-1.1.2.tgz",
            "create-hmac": "https://registry.npmjs.org/create-hmac/-/create-hmac-1.1.4.tgz",
            "elliptic": "https://registry.npmjs.org/elliptic/-/elliptic-6.3.2.tgz",
            "inherits": "https://registry.npmjs.org/inherits/-/inherits-2.0.1.tgz",
            "parse-asn1": "https://registry.npmjs.org/parse-asn1/-/parse-asn1-5.0.0.tgz"
          }
        },
        "browserify-zlib": {
          "version": "https://registry.npmjs.org/browserify-zlib/-/browserify-zlib-0.1.4.tgz",
          "integrity": "sha1-uzX4pRn2AOD6a4SFJByXnQFB+y0=",
          "requires": {
            "pako": "https://registry.npmjs.org/pako/-/pako-0.2.9.tgz"
          }
        },
        "buffer": {
          "version": "https://registry.npmjs.org/buffer/-/buffer-4.9.1.tgz",
          "integrity": "sha1-bRu2AbB6TvztlwlBMgkwJ8lbwpg=",
          "requires": {
            "base64-js": "https://registry.npmjs.org/base64-js/-/base64-js-1.2.0.tgz",
            "ieee754": "https://registry.npmjs.org/ieee754/-/ieee754-1.1.8.tgz",
            "isarray": "https://registry.npmjs.org/isarray/-/isarray-1.0.0.tgz"
          }
        },
        "buffer-xor": {
          "version": "https://registry.npmjs.org/buffer-xor/-/buffer-xor-1.0.3.tgz",
          "integrity": "sha1-JuYe0UIvtw3ULm42cp7VHYVf6Nk="
        },
        "cipher-base": {
          "version": "https://registry.npmjs.org/cipher-base/-/cipher-base-1.0.3.tgz",
          "integrity": "sha1-7qvxlEGc6QDaMBjCB9IS8qbfCgc=",
          "requires": {
            "inherits": "https://registry.npmjs.org/inherits/-/inherits-2.0.1.tgz"
          }
        },
        "console-browserify": {
          "version": "https://registry.npmjs.org/console-browserify/-/console-browserify-1.1.0.tgz",
          "integrity": "sha1-8CQcRXMKn8YyOyBtvzjtx0HQuxA=",
          "requires": {
            "date-now": "https://registry.npmjs.org/date-now/-/date-now-0.1.4.tgz"
          }
        },
        "constants-browserify": {
          "version": "https://registry.npmjs.org/constants-browserify/-/constants-browserify-1.0.0.tgz",
          "integrity": "sha1-wguW2MYXdIqvHBYCF2DNJ/y4y3U="
        },
        "create-ecdh": {
          "version": "https://registry.npmjs.org/create-ecdh/-/create-ecdh-4.0.0.tgz",
          "integrity": "sha1-iIxyNZbN92EvZJgjPuvXo1MBc30=",
          "requires": {
            "bn.js": "https://registry.npmjs.org/bn.js/-/bn.js-4.11.6.tgz",
            "elliptic": "https://registry.npmjs.org/elliptic/-/elliptic-6.3.2.tgz"
          }
        },
        "create-hash": {
          "version": "https://registry.npmjs.org/create-hash/-/create-hash-1.1.2.tgz",
          "integrity": "sha1-USEAYte7dHn2xlu0GpIgix1hq60=",
          "requires": {
            "cipher-base": "https://registry.npmjs.org/cipher-base/-/cipher-base-1.0.3.tgz",
            "inherits": "https://registry.npmjs.org/inherits/-/inherits-2.0.1.tgz",
            "ripemd160": "https://registry.npmjs.org/ripemd160/-/ripemd160-1.0.1.tgz",
            "sha.js": "https://registry.npmjs.org/sha.js/-/sha.js-2.4.8.tgz"
          }
        },
        "create-hmac": {
          "version": "https://registry.npmjs.org/create-hmac/-/create-hmac-1.1.4.tgz",
          "integrity": "sha1-0/tLolPriz9W456i+8uK90e9MXA=",
          "requires": {
            "create-hash": "https://registry.npmjs.org/create-hash/-/create-hash-1.1.2.tgz",
            "inherits": "https://registry.npmjs.org/inherits/-/inherits-2.0.1.tgz"
          }
        },
        "crypto-browserify": {
          "version": "https://registry.npmjs.org/crypto-browserify/-/crypto-browserify-3.11.0.tgz",
          "integrity": "sha1-NlKgkGq5sqfgw85mpAjpV6JIVSI=",
          "requires": {
            "browserify-cipher": "https://registry.npmjs.org/browserify-cipher/-/browserify-cipher-1.0.0.tgz",
            "browserify-sign": "https://registry.npmjs.org/browserify-sign/-/browserify-sign-4.0.0.tgz",
            "create-ecdh": "https://registry.npmjs.org/create-ecdh/-/create-ecdh-4.0.0.tgz",
            "create-hash": "https://registry.npmjs.org/create-hash/-/create-hash-1.1.2.tgz",
            "create-hmac": "https://registry.npmjs.org/create-hmac/-/create-hmac-1.1.4.tgz",
            "diffie-hellman": "https://registry.npmjs.org/diffie-hellman/-/diffie-hellman-5.0.2.tgz",
            "inherits": "https://registry.npmjs.org/inherits/-/inherits-2.0.1.tgz",
            "pbkdf2": "https://registry.npmjs.org/pbkdf2/-/pbkdf2-3.0.9.tgz",
            "public-encrypt": "https://registry.npmjs.org/public-encrypt/-/public-encrypt-4.0.0.tgz",
            "randombytes": "https://registry.npmjs.org/randombytes/-/randombytes-2.0.3.tgz"
          }
        },
        "date-now": {
          "version": "https://registry.npmjs.org/date-now/-/date-now-0.1.4.tgz",
          "integrity": "sha1-6vQ5/U1ISK105cx9vvIAZyueNFs="
        },
        "des.js": {
          "version": "https://registry.npmjs.org/des.js/-/des.js-1.0.0.tgz",
          "integrity": "sha1-wHTS4qpqipoH29YfmhXCzYPsjsw=",
          "requires": {
            "inherits": "https://registry.npmjs.org/inherits/-/inherits-2.0.1.tgz",
            "minimalistic-assert": "https://registry.npmjs.org/minimalistic-assert/-/minimalistic-assert-1.0.0.tgz"
          }
        },
        "diffie-hellman": {
          "version": "https://registry.npmjs.org/diffie-hellman/-/diffie-hellman-5.0.2.tgz",
          "integrity": "sha1-tYNXOScM/ias9jIJn97SoH8gnl4=",
          "requires": {
            "bn.js": "https://registry.npmjs.org/bn.js/-/bn.js-4.11.6.tgz",
            "miller-rabin": "https://registry.npmjs.org/miller-rabin/-/miller-rabin-4.0.0.tgz",
            "randombytes": "https://registry.npmjs.org/randombytes/-/randombytes-2.0.3.tgz"
          }
        },
        "domain-browser": {
          "version": "https://registry.npmjs.org/domain-browser/-/domain-browser-1.1.7.tgz",
          "integrity": "sha1-hnqksJP6oF8d4IwG9NeyH9+GmLw="
        },
        "elliptic": {
          "version": "https://registry.npmjs.org/elliptic/-/elliptic-6.3.2.tgz",
          "integrity": "sha1-5MgeCCnPCmWrcOmYuCMnI7XBvEg=",
          "requires": {
            "bn.js": "https://registry.npmjs.org/bn.js/-/bn.js-4.11.6.tgz",
            "brorand": "https://registry.npmjs.org/brorand/-/brorand-1.0.6.tgz",
            "hash.js": "https://registry.npmjs.org/hash.js/-/hash.js-1.0.3.tgz",
            "inherits": "https://registry.npmjs.org/inherits/-/inherits-2.0.1.tgz"
          }
        },
        "events": {
          "version": "https://registry.npmjs.org/events/-/events-1.1.1.tgz",
          "integrity": "sha1-nr23Y1rQmccNzEwqH1AEKI6L2SQ="
        },
        "evp_bytestokey": {
          "version": "https://registry.npmjs.org/evp_bytestokey/-/evp_bytestokey-1.0.0.tgz",
          "integrity": "sha1-SXtmrZ/vZc18CKYYCCS6FHa2blM=",
          "requires": {
            "create-hash": "https://registry.npmjs.org/create-hash/-/create-hash-1.1.2.tgz"
          }
        },
        "hash.js": {
          "version": "https://registry.npmjs.org/hash.js/-/hash.js-1.0.3.tgz",
          "integrity": "sha1-EzL/ABVsCg/92CNgE9B7d6BFFXM=",
          "requires": {
            "inherits": "https://registry.npmjs.org/inherits/-/inherits-2.0.1.tgz"
          }
        },
        "http-browserify": {
          "version": "https://registry.npmjs.org/http-browserify/-/http-browserify-1.7.0.tgz",
          "integrity": "sha1-M3la3nLfiKz7/TZ3PO/tp2RzWyA=",
          "requires": {
            "Base64": "https://registry.npmjs.org/Base64/-/Base64-0.2.1.tgz",
            "inherits": "https://registry.npmjs.org/inherits/-/inherits-2.0.1.tgz"
          }
        },
        "https-browserify": {
          "version": "https://registry.npmjs.org/https-browserify/-/https-browserify-0.0.1.tgz",
          "integrity": "sha1-P5E2XKvmC3ftDruiS0VOPgnZWoI="
        },
        "ieee754": {
          "version": "https://registry.npmjs.org/ieee754/-/ieee754-1.1.8.tgz",
          "integrity": "sha1-vjPUCsEO8ZJnAfbwii2G+/0a0+Q="
        },
        "indexof": {
          "version": "https://registry.npmjs.org/indexof/-/indexof-0.0.1.tgz",
          "integrity": "sha1-gtwzbSMrkGIXnQWrMpOmYFn9Q10="
        },
        "inherits": {
          "version": "https://registry.npmjs.org/inherits/-/inherits-2.0.1.tgz",
          "integrity": "sha1-sX0I0ya0Qj5Wjv9xn5GwscvfafE="
        },
        "isarray": {
          "version": "https://registry.npmjs.org/isarray/-/isarray-1.0.0.tgz",
          "integrity": "sha1-u5NdSFgsuhaMBoNJV6VKPgcSTxE="
        },
        "miller-rabin": {
          "version": "https://registry.npmjs.org/miller-rabin/-/miller-rabin-4.0.0.tgz",
          "integrity": "sha1-SmL7HUKTPAVYOYL0xxb2+55sbT0=",
          "requires": {
            "bn.js": "https://registry.npmjs.org/bn.js/-/bn.js-4.11.6.tgz",
            "brorand": "https://registry.npmjs.org/brorand/-/brorand-1.0.6.tgz"
          }
        },
        "minimalistic-assert": {
          "version": "https://registry.npmjs.org/minimalistic-assert/-/minimalistic-assert-1.0.0.tgz",
          "integrity": "sha1-cCvi3aazf0g2vLP121ZkG2Sh09M="
        },
        "os-browserify": {
          "version": "https://registry.npmjs.org/os-browserify/-/os-browserify-0.2.1.tgz",
          "integrity": "sha1-Y/xMzuXS13Y9Jrv4YBB45sLgBE8="
        },
        "pako": {
          "version": "https://registry.npmjs.org/pako/-/pako-0.2.9.tgz",
          "integrity": "sha1-8/dSL073gjSNqBYbrZ7P1Rv4OnU="
        },
        "parse-asn1": {
          "version": "https://registry.npmjs.org/parse-asn1/-/parse-asn1-5.0.0.tgz",
          "integrity": "sha1-NQYPbVAV03Yox3D04JGgtaJ4vCM=",
          "requires": {
            "asn1.js": "https://registry.npmjs.org/asn1.js/-/asn1.js-4.9.0.tgz",
            "browserify-aes": "https://registry.npmjs.org/browserify-aes/-/browserify-aes-1.0.6.tgz",
            "create-hash": "https://registry.npmjs.org/create-hash/-/create-hash-1.1.2.tgz",
            "evp_bytestokey": "https://registry.npmjs.org/evp_bytestokey/-/evp_bytestokey-1.0.0.tgz",
            "pbkdf2": "https://registry.npmjs.org/pbkdf2/-/pbkdf2-3.0.9.tgz"
          }
        },
        "path-browserify": {
          "version": "https://registry.npmjs.org/path-browserify/-/path-browserify-0.0.0.tgz",
          "integrity": "sha1-oLhwcpquIUAFt9UDLsLLuw+0RRo="
        },
        "pbkdf2": {
          "version": "https://registry.npmjs.org/pbkdf2/-/pbkdf2-3.0.9.tgz",
          "integrity": "sha1-8sSyWmAAWLPDdzwIbDfbvuH/5pM=",
          "requires": {
            "create-hmac": "https://registry.npmjs.org/create-hmac/-/create-hmac-1.1.4.tgz"
          }
        },
        "process": {
          "version": "https://registry.npmjs.org/process/-/process-0.11.9.tgz",
          "integrity": "sha1-e9WtIapiU+fahoImTx4R0RwDGME="
        },
        "process-nextick-args": {
          "version": "https://registry.npmjs.org/process-nextick-args/-/process-nextick-args-1.0.7.tgz",
          "integrity": "sha1-FQ4gt1ZZCtP5EJPyWk8q2L/zC6M="
        },
        "public-encrypt": {
          "version": "https://registry.npmjs.org/public-encrypt/-/public-encrypt-4.0.0.tgz",
          "integrity": "sha1-OfaZ86RlYN1eusvKaTyvfGXBjMY=",
          "requires": {
            "bn.js": "https://registry.npmjs.org/bn.js/-/bn.js-4.11.6.tgz",
            "browserify-rsa": "https://registry.npmjs.org/browserify-rsa/-/browserify-rsa-4.0.1.tgz",
            "create-hash": "https://registry.npmjs.org/create-hash/-/create-hash-1.1.2.tgz",
            "parse-asn1": "https://registry.npmjs.org/parse-asn1/-/parse-asn1-5.0.0.tgz",
            "randombytes": "https://registry.npmjs.org/randombytes/-/randombytes-2.0.3.tgz"
          }
        },
        "punycode": {
          "version": "https://registry.npmjs.org/punycode/-/punycode-1.4.1.tgz",
          "integrity": "sha1-wNWmOycYgArY4esPpSachN1BhF4="
        },
        "querystring": {
          "version": "https://registry.npmjs.org/querystring/-/querystring-0.2.0.tgz",
          "integrity": "sha1-sgmEkgO7Jd+CDadW50cAWHhSFiA="
        },
        "querystring-es3": {
          "version": "https://registry.npmjs.org/querystring-es3/-/querystring-es3-0.2.1.tgz",
          "integrity": "sha1-nsYfeQSYdXB9aUFFlv2Qek1xHnM="
        },
        "randombytes": {
          "version": "https://registry.npmjs.org/randombytes/-/randombytes-2.0.3.tgz",
          "integrity": "sha1-Z0yZdgkBw8QRJ3GjHlIdw0nMCew="
        },
        "readable-stream": {
          "version": "git+https://github.com/meteor/readable-stream.git#2e9112d7d31a2af6e0682db0e18679b1e5fd4694",
          "requires": {
            "inherits": "https://registry.npmjs.org/inherits/-/inherits-2.0.1.tgz",
            "isarray": "https://registry.npmjs.org/isarray/-/isarray-1.0.0.tgz",
            "process-nextick-args": "https://registry.npmjs.org/process-nextick-args/-/process-nextick-args-1.0.7.tgz",
            "safe-buffer": "https://registry.npmjs.org/safe-buffer/-/safe-buffer-5.0.1.tgz",
            "string_decoder": "https://registry.npmjs.org/string_decoder/-/string_decoder-1.0.1.tgz",
            "util-deprecate": "https://registry.npmjs.org/util-deprecate/-/util-deprecate-1.0.2.tgz"
          }
        },
        "ripemd160": {
          "version": "https://registry.npmjs.org/ripemd160/-/ripemd160-1.0.1.tgz",
          "integrity": "sha1-k6S71JQrxXS2mo+lfHHeEOzKfW4="
        },
        "safe-buffer": {
          "version": "https://registry.npmjs.org/safe-buffer/-/safe-buffer-5.0.1.tgz",
          "integrity": "sha1-0mPKVGls2KMGtcplUekt5XkY++c="
        },
        "sha.js": {
          "version": "https://registry.npmjs.org/sha.js/-/sha.js-2.4.8.tgz",
          "integrity": "sha1-NwaMLEdra69ALRSknGf1l5IfY08=",
          "requires": {
            "inherits": "https://registry.npmjs.org/inherits/-/inherits-2.0.1.tgz"
          }
        },
        "stream-browserify": {
          "version": "https://registry.npmjs.org/stream-browserify/-/stream-browserify-2.0.1.tgz",
          "integrity": "sha1-ZiZu5fm9uZQKTkUUyvtDu3Hlyds=",
          "requires": {
            "inherits": "https://registry.npmjs.org/inherits/-/inherits-2.0.1.tgz",
            "readable-stream": "git+https://github.com/meteor/readable-stream.git#2e9112d7d31a2af6e0682db0e18679b1e5fd4694"
          }
        },
        "string_decoder": {
          "version": "https://registry.npmjs.org/string_decoder/-/string_decoder-1.0.1.tgz",
          "integrity": "sha1-YuIA8DmVWmgQ2N8KM//A8BNmLZg=",
          "requires": {
            "safe-buffer": "https://registry.npmjs.org/safe-buffer/-/safe-buffer-5.0.1.tgz"
          }
        },
        "timers-browserify": {
          "version": "https://registry.npmjs.org/timers-browserify/-/timers-browserify-1.4.2.tgz",
          "integrity": "sha1-ycWLV1voQHN1y14kYtrO50NZ9B0=",
          "requires": {
            "process": "https://registry.npmjs.org/process/-/process-0.11.9.tgz"
          }
        },
        "tty-browserify": {
          "version": "https://registry.npmjs.org/tty-browserify/-/tty-browserify-0.0.0.tgz",
          "integrity": "sha1-oVe6QC2iTpv5V/mqadUk7tQpAaY="
        },
        "url": {
          "version": "https://registry.npmjs.org/url/-/url-0.11.0.tgz",
          "integrity": "sha1-ODjpfPxgUh63PFJajlW/3Z4uKPE=",
          "requires": {
            "punycode": "https://registry.npmjs.org/punycode/-/punycode-1.3.2.tgz",
            "querystring": "https://registry.npmjs.org/querystring/-/querystring-0.2.0.tgz"
          },
          "dependencies": {
            "punycode": {
              "version": "https://registry.npmjs.org/punycode/-/punycode-1.3.2.tgz",
              "integrity": "sha1-llOgNvt8HuQjQvIyXM7v6jkmxI0="
            }
          }
        },
        "util": {
          "version": "https://registry.npmjs.org/util/-/util-0.10.3.tgz",
          "integrity": "sha1-evsa/lCAUkZInj23/g7TeTNqwPk=",
          "requires": {
            "inherits": "https://registry.npmjs.org/inherits/-/inherits-2.0.1.tgz"
          }
        },
        "util-deprecate": {
          "version": "https://registry.npmjs.org/util-deprecate/-/util-deprecate-1.0.2.tgz",
          "integrity": "sha1-RQ1Nyfpw3nMnYvvS1KKJgUGaDM8="
        },
        "vm-browserify": {
          "version": "https://registry.npmjs.org/vm-browserify/-/vm-browserify-0.0.4.tgz",
          "integrity": "sha1-XX6kW7755Kb/ZflUOOCofDV9WnM=",
          "requires": {
            "indexof": "https://registry.npmjs.org/indexof/-/indexof-0.0.1.tgz"
          }
        }
      }
    },
    "minimatch": {
      "version": "3.0.4",
      "resolved": "https://registry.npmjs.org/minimatch/-/minimatch-3.0.4.tgz",
      "integrity": "sha512-yJHVQEhyqPLUTgt9B83PXu6W3rx4MvvHvSUvToogpwoGDOUQ+yDrR0HRot+yOCdCO7u4hX3pWft6kWBBcqh0UA==",
      "requires": {
        "brace-expansion": "1.1.8"
      }
    },
    "minimist": {
      "version": "1.2.0",
      "resolved": "https://registry.npmjs.org/minimist/-/minimist-1.2.0.tgz",
      "integrity": "sha1-o1AIsg9BOD7sH7kU9M1d95omQoQ="
    },
    "mqtt": {
      "version": "2.12.0",
      "resolved": "https://registry.npmjs.org/mqtt/-/mqtt-2.12.0.tgz",
      "integrity": "sha512-Ti7NxJkF7YScJC0XGi5OAQqJElx/QL2/g/5razfyEa3pxlWj+PWwvkXQWd5trcglW6D9V8IwPLtfn6SARxcCww==",
      "requires": {
        "commist": "1.0.0",
        "concat-stream": "1.6.0",
        "end-of-stream": "1.4.0",
        "help-me": "1.1.0",
        "inherits": "2.0.3",
        "minimist": "1.2.0",
        "mqtt-packet": "5.4.0",
        "pump": "1.0.2",
        "readable-stream": "2.3.3",
        "reinterval": "1.1.0",
        "split2": "2.1.1",
        "websocket-stream": "5.0.1",
        "xtend": "4.0.1"
      }
    },
    "mqtt-packet": {
      "version": "5.4.0",
      "resolved": "https://registry.npmjs.org/mqtt-packet/-/mqtt-packet-5.4.0.tgz",
      "integrity": "sha512-ziN7uVysLdn7fYbOhEaKOhcZC3yIRTTakY4TFd2w+UvZIx9dPr8NCqbBYoC4WYDlzWHTn5EqR5x20pC+K24Ymg==",
      "requires": {
        "bl": "1.2.1",
        "inherits": "2.0.3",
        "process-nextick-args": "1.0.7",
        "safe-buffer": "5.1.1"
      }
    },
    "node-fetch": {
      "version": "1.7.2",
      "resolved": "https://registry.npmjs.org/node-fetch/-/node-fetch-1.7.2.tgz",
      "integrity": "sha512-xZZUq2yDhKMIn/UgG5q//IZSNLJIwW2QxS14CNH5spuiXkITM2pUitjdq58yLSaU7m4M0wBNaM2Gh/ggY4YJig==",
      "requires": {
        "encoding": "0.1.12",
        "is-stream": "1.1.0"
      }
    },
    "object-assign": {
      "version": "4.1.1",
      "resolved": "https://registry.npmjs.org/object-assign/-/object-assign-4.1.1.tgz",
      "integrity": "sha1-IQmtx5ZYh8/AXLvUQsrIv7s2CGM="
    },
    "once": {
      "version": "1.4.0",
      "resolved": "https://registry.npmjs.org/once/-/once-1.4.0.tgz",
      "integrity": "sha1-WDsap3WWHUsROsF9nFC6753Xa9E=",
      "requires": {
        "wrappy": "1.0.2"
      }
    },
    "ordered-read-streams": {
      "version": "1.0.1",
      "resolved": "https://registry.npmjs.org/ordered-read-streams/-/ordered-read-streams-1.0.1.tgz",
      "integrity": "sha1-d8DLN8QVJdZBZtmQ/61+xqDhNj4=",
      "requires": {
        "readable-stream": "2.3.3"
      }
    },
    "path-dirname": {
      "version": "1.0.2",
      "resolved": "https://registry.npmjs.org/path-dirname/-/path-dirname-1.0.2.tgz",
      "integrity": "sha1-zDPSTVJeCZpTiMAzbG4yuRYGCeA="
    },
    "path-is-absolute": {
      "version": "1.0.1",
      "resolved": "https://registry.npmjs.org/path-is-absolute/-/path-is-absolute-1.0.1.tgz",
      "integrity": "sha1-F0uSaHNVNP+8es5r9TpanhtcX18="
    },
    "process-nextick-args": {
      "version": "1.0.7",
      "resolved": "https://registry.npmjs.org/process-nextick-args/-/process-nextick-args-1.0.7.tgz",
      "integrity": "sha1-FQ4gt1ZZCtP5EJPyWk8q2L/zC6M="
    },
    "promise": {
      "version": "7.3.1",
      "resolved": "https://registry.npmjs.org/promise/-/promise-7.3.1.tgz",
      "integrity": "sha512-nolQXZ/4L+bP/UGlkfaIujX9BKxGwmQ9OT4mOt5yvy8iK1h3wqTEJCijzGANTCCl9nWjY41juyAn2K3Q1hLLTg==",
      "requires": {
        "asap": "2.0.6"
      }
    },
    "prop-types": {
      "version": "15.5.10",
      "resolved": "https://registry.npmjs.org/prop-types/-/prop-types-15.5.10.tgz",
      "integrity": "sha1-J5ffwxJhguOpXj37suiT3ddFYVQ=",
      "requires": {
        "fbjs": "0.8.14",
        "loose-envify": "1.3.1"
      }
    },
    "pump": {
      "version": "1.0.2",
      "resolved": "https://registry.npmjs.org/pump/-/pump-1.0.2.tgz",
      "integrity": "sha1-Oz7mUS+U8OV1U4wXmV+fFpkKXVE=",
      "requires": {
        "end-of-stream": "1.4.0",
        "once": "1.4.0"
      }
    },
    "pumpify": {
      "version": "1.3.5",
      "resolved": "https://registry.npmjs.org/pumpify/-/pumpify-1.3.5.tgz",
      "integrity": "sha1-G2ccYZlAq8rqwK0OOjwWS+dgmTs=",
      "requires": {
        "duplexify": "3.5.1",
        "inherits": "2.0.3",
        "pump": "1.0.2"
      }
    },
    "react": {
      "version": "15.6.1",
      "resolved": "https://registry.npmjs.org/react/-/react-15.6.1.tgz",
      "integrity": "sha1-uqhDTsZ4C96ZfNw4C3nNM7ljk98=",
      "requires": {
        "create-react-class": "15.6.0",
        "fbjs": "0.8.14",
        "loose-envify": "1.3.1",
        "object-assign": "4.1.1",
        "prop-types": "15.5.10"
      }
    },
    "react-dom": {
      "version": "15.6.1",
      "resolved": "https://registry.npmjs.org/react-dom/-/react-dom-15.6.1.tgz",
      "integrity": "sha1-LLDtQZEDjlPCCes6eaI+Kkz5lHA=",
      "requires": {
        "fbjs": "0.8.14",
        "loose-envify": "1.3.1",
        "object-assign": "4.1.1",
        "prop-types": "15.5.10"
      }
    },
    "readable-stream": {
      "version": "2.3.3",
      "resolved": "https://registry.npmjs.org/readable-stream/-/readable-stream-2.3.3.tgz",
      "integrity": "sha512-m+qzzcn7KUxEmd1gMbchF+Y2eIUbieUaxkWtptyHywrX0rE8QEYqPC07Vuy4Wm32/xE16NcdBctb8S0Xe/5IeQ==",
      "requires": {
        "core-util-is": "1.0.2",
        "inherits": "2.0.3",
        "isarray": "1.0.0",
        "process-nextick-args": "1.0.7",
        "safe-buffer": "5.1.1",
        "string_decoder": "1.0.3",
        "util-deprecate": "1.0.2"
      }
    },
    "regenerator-runtime": {
      "version": "https://registry.npmjs.org/regenerator-runtime/-/regenerator-runtime-0.11.0.tgz",
      "integrity": "sha1-flT+W1zNXWYk6mJVw0c74JC4AuE="
    },
    "reinterval": {
      "version": "1.1.0",
      "resolved": "https://registry.npmjs.org/reinterval/-/reinterval-1.1.0.tgz",
      "integrity": "sha1-M2Hs+jymwYKDOA3Qu5VG85D17Oc="
    },
    "remove-trailing-separator": {
      "version": "1.1.0",
      "resolved": "https://registry.npmjs.org/remove-trailing-separator/-/remove-trailing-separator-1.1.0.tgz",
      "integrity": "sha1-wkvOKig62tW8P1jg1IJJuSN52O8="
    },
    "safe-buffer": {
      "version": "5.1.1",
      "resolved": "https://registry.npmjs.org/safe-buffer/-/safe-buffer-5.1.1.tgz",
      "integrity": "sha512-kKvNJn6Mm93gAczWVJg7wH+wGYWNrDHdWvpUmHyEsgCtIwwo3bqPtV4tR5tuPaUhTOo/kvhVwd8XwwOllGYkbg=="
    },
    "setimmediate": {
      "version": "1.0.5",
      "resolved": "https://registry.npmjs.org/setimmediate/-/setimmediate-1.0.5.tgz",
      "integrity": "sha1-KQy7Iy4waULX1+qbg3Mqt4VvgoU="
    },
    "split2": {
      "version": "2.1.1",
      "resolved": "https://registry.npmjs.org/split2/-/split2-2.1.1.tgz",
      "integrity": "sha1-eh9VHhdqkOzTNF9yRqDP4XXvT9A=",
      "requires": {
        "through2": "2.0.3"
      }
    },
    "stream-shift": {
      "version": "1.0.0",
      "resolved": "https://registry.npmjs.org/stream-shift/-/stream-shift-1.0.0.tgz",
      "integrity": "sha1-1cdSgl5TZ+eG944Y5EXqIjoVWVI="
    },
    "string_decoder": {
      "version": "1.0.3",
      "resolved": "https://registry.npmjs.org/string_decoder/-/string_decoder-1.0.3.tgz",
      "integrity": "sha512-4AH6Z5fzNNBcH+6XDMfA/BTt87skxqJlO0lAh3Dker5zThcAxG6mKz+iGu308UKoPPQ8Dcqx/4JhujzltRa+hQ==",
      "requires": {
        "safe-buffer": "5.1.1"
      }
    },
    "through2": {
      "version": "2.0.3",
      "resolved": "https://registry.npmjs.org/through2/-/through2-2.0.3.tgz",
      "integrity": "sha1-AARWmzfHx0ujnEPzzteNGtlBQL4=",
      "requires": {
        "readable-stream": "2.3.3",
        "xtend": "4.0.1"
      }
    },
    "through2-filter": {
      "version": "2.0.0",
      "resolved": "https://registry.npmjs.org/through2-filter/-/through2-filter-2.0.0.tgz",
      "integrity": "sha1-YLxVoNrLdghdsfna6Zq0P4PWIuw=",
      "requires": {
        "through2": "2.0.3",
        "xtend": "4.0.1"
      }
    },
    "to-absolute-glob": {
      "version": "2.0.1",
      "resolved": "https://registry.npmjs.org/to-absolute-glob/-/to-absolute-glob-2.0.1.tgz",
      "integrity": "sha1-cMN1gFueMQXome6NvdapqhCPQHs=",
      "requires": {
        "extend-shallow": "2.0.1",
        "is-absolute": "0.2.6",
        "is-negated-glob": "1.0.0"
      }
    },
    "typedarray": {
      "version": "0.0.6",
      "resolved": "https://registry.npmjs.org/typedarray/-/typedarray-0.0.6.tgz",
      "integrity": "sha1-hnrHTjhkGHsdPUfZlqeOxciDB3c="
    },
    "ua-parser-js": {
      "version": "0.7.14",
      "resolved": "https://registry.npmjs.org/ua-parser-js/-/ua-parser-js-0.7.14.tgz",
      "integrity": "sha1-EQ1T+kw/MmwSEpK76skE0uAzh8o="
    },
    "ultron": {
      "version": "1.1.0",
      "resolved": "https://registry.npmjs.org/ultron/-/ultron-1.1.0.tgz",
      "integrity": "sha1-sHoualQagV/Go0zNRTO67DB8qGQ="
    },
    "unc-path-regex": {
      "version": "0.1.2",
      "resolved": "https://registry.npmjs.org/unc-path-regex/-/unc-path-regex-0.1.2.tgz",
      "integrity": "sha1-5z3T17DXxe2G+6xrCufYxqadUPo="
    },
    "unique-stream": {
      "version": "2.2.1",
      "resolved": "https://registry.npmjs.org/unique-stream/-/unique-stream-2.2.1.tgz",
      "integrity": "sha1-WqADz76Uxf+GbE59ZouxxNuts2k=",
      "requires": {
        "json-stable-stringify": "1.0.1",
        "through2-filter": "2.0.0"
      }
    },
    "util-deprecate": {
      "version": "1.0.2",
      "resolved": "https://registry.npmjs.org/util-deprecate/-/util-deprecate-1.0.2.tgz",
      "integrity": "sha1-RQ1Nyfpw3nMnYvvS1KKJgUGaDM8="
    },
    "websocket-stream": {
      "version": "5.0.1",
      "resolved": "https://registry.npmjs.org/websocket-stream/-/websocket-stream-5.0.1.tgz",
      "integrity": "sha512-N3X0rs/ucnccDdyn5GkwD7HVjtvcE3scSmYzdndzma/3ovQpjUxDRP71nTliph9EpXYt9fXbdCVL+e6JuguC+A==",
      "requires": {
        "duplexify": "3.5.1",
        "inherits": "2.0.3",
        "readable-stream": "2.3.3",
        "safe-buffer": "5.1.1",
        "ws": "3.1.0",
        "xtend": "4.0.1"
      }
    },
    "whatwg-fetch": {
      "version": "2.0.3",
      "resolved": "https://registry.npmjs.org/whatwg-fetch/-/whatwg-fetch-2.0.3.tgz",
      "integrity": "sha1-nITsLc9oGH/wC8ZOEnS0QhduHIQ="
    },
    "wrappy": {
      "version": "1.0.2",
      "resolved": "https://registry.npmjs.org/wrappy/-/wrappy-1.0.2.tgz",
      "integrity": "sha1-tSQ9jz7BqjXxNkYFvA0QNuMKtp8="
    },
    "ws": {
      "version": "3.1.0",
      "resolved": "https://registry.npmjs.org/ws/-/ws-3.1.0.tgz",
      "integrity": "sha512-TU4/qKFlyQFqNITNWiqPCUY9GqlAhEotlzfcZcve6VT1YEngQl1dDMqwQQS3eMYruJ5r/UD3lcsWib6iVMDGDw==",
      "requires": {
        "safe-buffer": "5.1.1",
        "ultron": "1.1.0"
      }
    },
    "xtend": {
      "version": "4.0.1",
      "resolved": "https://registry.npmjs.org/xtend/-/xtend-4.0.1.tgz",
      "integrity": "sha1-pcbVMr5lbiPbgg77lDofBJmNY68="
    }
  }
}
